<?xml version="1.0" encoding="utf-8"?>
<Project ToolsVersion="4.0" xmlns="http://schemas.microsoft.com/developer/msbuild/2003">
  <ItemGroup>
    <ClCompile Include="CoreApplication.cpp" />
    <ClCompile Include="main.cpp" />
    <ClCompile Include="Pattern\Strategy\StrategyApplication.cpp" />
    <ClCompile Include="Pattern\Strategy\ContextAbilities.cpp" />
    <ClCompile Include="Pattern\Strategy\PowerUpStrategy.cpp" />
    <ClCompile Include="Pattern\Strategy\FireBallStrategy.cpp" />
    <ClCompile Include="Pattern\Strategy\SuperStarStrategy.cpp" />
    <ClCompile Include="Pattern\ModernStrategy\ModernStrategyApplication.cpp" />
    <ClCompile Include="Pattern\ModernStrategy\BaseCharacter.cpp" />
    <ClCompile Include="Pattern\ModernStrategy\Character.cpp" />
  </ItemGroup>
  <ItemGroup>
    <ClInclude Include="CoreApplication.h" />
    <ClInclude Include="Pattern\Strategy\IJumpStrategy.h" />
    <ClInclude Include="Pattern\Strategy\StrategyApplication.h" />
    <ClInclude Include="Pattern\Strategy\ContextAbilities.h" />
    <ClInclude Include="Pattern\Strategy\IFightStrategy.h" />
    <ClInclude Include="Pattern\Strategy\PowerUpStrategy.h" />
    <ClInclude Include="Pattern\Strategy\FireBallStrategy.h" />
    <ClInclude Include="Pattern\Strategy\SuperStarStrategy.h" />
    <ClInclude Include="Pattern\ModernStrategy\MordernStrategyApplication.h" />
    <ClInclude Include="Pattern\ModernStrategy\StrategyGenerated.h" />
    <ClInclude Include="Pattern\ModernStrategy\BaseCharacter.h" />
    <ClInclude Include="Pattern\ModernStrategy\Character.h" />
  </ItemGroup>
</Project>